
Microsoft Visual Studio Solution File, Format Version 12.00
# Visual Studio 15
Project("{FAE04EC0-301F-11D3-BF4B-00C04F79EFBC}") = "echoapi", "echoapi.csproj", "{920EDAE1-7E16-4071-9DF1-C11F97340B2E}"
EndProject
Project("{E53339B2-1760-4266-BCC7-CA923CBCF16C}") = "docker-compose", "docker-compose.dcproj", "{CC50DC69-AEE7-4B8F-8CDA-9F8AB3C4FFA4}"
EndProject
Global
	GlobalSection(SolutionConfigurationPlatforms) = preSolution
		Debug|Any CPU = Debug|Any CPU
		Release|Any CPU = Release|Any CPU
	EndGlobalSection
	GlobalSection(ProjectConfigurationPlatforms) = postSolution
		{920EDAE1-7E16-4071-9DF1-C11F97340B2E}.Debug|Any CPU.ActiveCfg = Debug|Any CPU
		{920EDAE1-7E16-4071-9DF1-C11F97340B2E}.Debug|Any CPU.Build.0 = Debug|Any CPU
		{920EDAE1-7E16-4071-9DF1-C11F97340B2E}.Release|Any CPU.ActiveCfg = Release|Any CPU
		{920EDAE1-7E16-4071-9DF1-C11F97340B2E}.Release|Any CPU.Build.0 = Release|Any CPU
		{CC50DC69-AEE7-4B8F-8CDA-9F8AB3C4FFA4}.Debug|Any CPU.ActiveCfg = Debug|Any CPU
		{CC50DC69-AEE7-4B8F-8CDA-9F8AB3C4FFA4}.Debug|Any CPU.Build.0 = Debug|Any CPU
		{CC50DC69-AEE7-4B8F-8CDA-9F8AB3C4FFA4}.Release|Any CPU.ActiveCfg = Release|Any CPU
		{CC50DC69-AEE7-4B8F-8CDA-9F8AB3C4FFA4}.Release|Any CPU.Build.0 = Release|Any CPU
	EndGlobalSection
EndGlobal
